// !$*UTF8*$!
{
	archiveVersion = 1;
	classes = {
	};
	objectVersion = 77;
	objects = {

/* Begin PBXBuildFile section */
		A012B77C2DBF604300F94E82 /* Assets.xcassets in Resources */ = {isa = PBXBuildFile; fileRef = A012B7732DBF604300F94E82 /* Assets.xcassets */; };
		A012B77E2DBF604300F94E82 /* LaunchScreen.storyboard in Resources */ = {isa = PBXBuildFile; fileRef = A012B7762DBF604300F94E82 /* LaunchScreen.storyboard */; };
		A012B77F2DBF604300F94E82 /* Main.storyboard in Resources */ = {isa = PBXBuildFile; fileRef = A012B7782DBF604300F94E82 /* Main.storyboard */; };
		A012B7802DBF604300F94E82 /* AppDelegate.swift in Sources */ = {isa = PBXBuildFile; fileRef = A012B7722DBF604300F94E82 /* AppDelegate.swift */; };
		A012B7812DBF604300F94E82 /* SceneDelegate.swift in Sources */ = {isa = PBXBuildFile; fileRef = A012B7792DBF604300F94E82 /* SceneDelegate.swift */; };
		A012B7822DBF604300F94E82 /* ViewController.swift in Sources */ = {isa = PBXBuildFile; fileRef = A012B77A2DBF604300F94E82 /* ViewController.swift */; };
		A012B7852DBF605B00F94E82 /* HorizontalScrollableBarChartView.swift in Sources */ = {isa = PBXBuildFile; fileRef = A012B7842DBF605B00F94E82 /* HorizontalScrollableBarChartView.swift */; };
		A012B7862DBF605B00F94E82 /* HorizontalBarChartView.swift in Sources */ = {isa = PBXBuildFile; fileRef = A012B7832DBF605B00F94E82 /* HorizontalBarChartView.swift */; };
		D0BADC89F0CC48A872EBD2D4 /* Pods_BarChartViewDemo.framework in Frameworks */ = {isa = PBXBuildFile; fileRef = F28E50FDA6963876DB357B96 /* Pods_BarChartViewDemo.framework */; };
/* End PBXBuildFile section */

/* Begin PBXFileReference section */
		52AD62987C1A11B3BD0E328B /* Pods-BarChartViewDemo.release.xcconfig */ = {isa = PBXFileReference; includeInIndex = 1; lastKnownFileType = text.xcconfig; name = "Pods-BarChartViewDemo.release.xcconfig"; path = "Target Support Files/Pods-BarChartViewDemo/Pods-BarChartViewDemo.release.xcconfig"; sourceTree = "<group>"; };
		A012B75A2DBF603C00F94E82 /* BarChartViewDemo.app */ = {isa = PBXFileReference; explicitFileType = wrapper.application; includeInIndex = 0; path = BarChartViewDemo.app; sourceTree = BUILT_PRODUCTS_DIR; };
		A012B7722DBF604300F94E82 /* AppDelegate.swift */ = {isa = PBXFileReference; lastKnownFileType = sourcecode.swift; path = AppDelegate.swift; sourceTree = "<group>"; };
		A012B7732DBF604300F94E82 /* Assets.xcassets */ = {isa = PBXFileReference; lastKnownFileType = folder.assetcatalog; path = Assets.xcassets; sourceTree = "<group>"; };
		A012B7742DBF604300F94E82 /* Info.plist */ = {isa = PBXFileReference; lastKnownFileType = text.plist.xml; path = Info.plist; sourceTree = "<group>"; };
		A012B7752DBF604300F94E82 /* Base */ = {isa = PBXFileReference; lastKnownFileType = file.storyboard; name = Base; path = Base.lproj/LaunchScreen.storyboard; sourceTree = "<group>"; };
		A012B7772DBF604300F94E82 /* Base */ = {isa = PBXFileReference; lastKnownFileType = file.storyboard; name = Base; path = Base.lproj/Main.storyboard; sourceTree = "<group>"; };
		A012B7792DBF604300F94E82 /* SceneDelegate.swift */ = {isa = PBXFileReference; lastKnownFileType = sourcecode.swift; path = SceneDelegate.swift; sourceTree = "<group>"; };
		A012B77A2DBF604300F94E82 /* ViewController.swift */ = {isa = PBXFileReference; lastKnownFileType = sourcecode.swift; path = ViewController.swift; sourceTree = "<group>"; };
		A012B7832DBF605B00F94E82 /* HorizontalBarChartView.swift */ = {isa = PBXFileReference; lastKnownFileType = sourcecode.swift; path = HorizontalBarChartView.swift; sourceTree = "<group>"; };
		A012B7842DBF605B00F94E82 /* HorizontalScrollableBarChartView.swift */ = {isa = PBXFileReference; lastKnownFileType = sourcecode.swift; path = HorizontalScrollableBarChartView.swift; sourceTree = "<group>"; };
		B8310D041C81725D4E549D2D /* Pods-BarChartViewDemo.debug.xcconfig */ = {isa = PBXFileReference; includeInIndex = 1; lastKnownFileType = text.xcconfig; name = "Pods-BarChartViewDemo.debug.xcconfig"; path = "Target Support Files/Pods-BarChartViewDemo/Pods-BarChartViewDemo.debug.xcconfig"; sourceTree = "<group>"; };
		F28E50FDA6963876DB357B96 /* Pods_BarChartViewDemo.framework */ = {isa = PBXFileReference; explicitFileType = wrapper.framework; includeInIndex = 0; path = Pods_BarChartViewDemo.framework; sourceTree = BUILT_PRODUCTS_DIR; };
/* End PBXFileReference section */

/* Begin PBXFrameworksBuildPhase section */
		A012B7572DBF603C00F94E82 /* Frameworks */ = {
			isa = PBXFrameworksBuildPhase;
			buildActionMask = 2147483647;
			files = (
				D0BADC89F0CC48A872EBD2D4 /* Pods_BarChartViewDemo.framework in Frameworks */,
			);
			runOnlyForDeploymentPostprocessing = 0;
		};
/* End PBXFrameworksBuildPhase section */

/* Begin PBXGroup section */
		A012B7512DBF603C00F94E82 = {
			isa = PBXGroup;
			children = (
				A012B77B2DBF604300F94E82 /* BarChartViewDemo */,
				A012B75B2DBF603C00F94E82 /* Products */,
				E1A48287B5E457317E1CB94F /* Pods */,
				C8F25564D6407409B4E75246 /* Frameworks */,
			);
			sourceTree = "<group>";
		};
		A012B75B2DBF603C00F94E82 /* Products */ = {
			isa = PBXGroup;
			children = (
				A012B75A2DBF603C00F94E82 /* BarChartViewDemo.app */,
			);
			name = Products;
			sourceTree = "<group>";
		};
		A012B77B2DBF604300F94E82 /* BarChartViewDemo */ = {
			isa = PBXGroup;
			children = (
				A012B7832DBF605B00F94E82 /* HorizontalBarChartView.swift */,
				A012B7842DBF605B00F94E82 /* HorizontalScrollableBarChartView.swift */,
				A012B7722DBF604300F94E82 /* AppDelegate.swift */,
				A012B7732DBF604300F94E82 /* Assets.xcassets */,
				A012B7742DBF604300F94E82 /* Info.plist */,
				A012B7762DBF604300F94E82 /* LaunchScreen.storyboard */,
				A012B7782DBF604300F94E82 /* Main.storyboard */,
				A012B7792DBF604300F94E82 /* SceneDelegate.swift */,
				A012B77A2DBF604300F94E82 /* ViewController.swift */,
			);
			path = BarChartViewDemo;
			sourceTree = "<group>";
		};
		C8F25564D6407409B4E75246 /* Frameworks */ = {
			isa = PBXGroup;
			children = (
				F28E50FDA6963876DB357B96 /* Pods_BarChartViewDemo.framework */,
			);
			name = Frameworks;
			sourceTree = "<group>";
		};
		E1A48287B5E457317E1CB94F /* Pods */ = {
			isa = PBXGroup;
			children = (
				B8310D041C81725D4E549D2D /* Pods-BarChartViewDemo.debug.xcconfig */,
				52AD62987C1A11B3BD0E328B /* Pods-BarChartViewDemo.release.xcconfig */,
			);
			path = Pods;
			sourceTree = "<group>";
		};
/* End PBXGroup section */

/* Begin PBXNativeTarget section */
		A012B7592DBF603C00F94E82 /* BarChartViewDemo */ = {
			isa = PBXNativeTarget;
			buildConfigurationList = A012B76D2DBF603D00F94E82 /* Build configuration list for PBXNativeTarget "BarChartViewDemo" */;
			buildPhases = (
				4DC70BE06580A327AD1347B8 /* [CP] Check Pods Manifest.lock */,
				A012B7562DBF603C00F94E82 /* Sources */,
				A012B7572DBF603C00F94E82 /* Frameworks */,
				A012B7582DBF603C00F94E82 /* Resources */,
				F997493135A605396D4A529D /* [CP] Embed Pods Frameworks */,
			);
			buildRules = (
			);
			dependencies = (
			);
			name = BarChartViewDemo;
			productName = BarChartViewDemo;
			productReference = A012B75A2DBF603C00F94E82 /* BarChartViewDemo.app */;
			productType = "com.apple.product-type.application";
		};
/* End PBXNativeTarget section */

/* Begin PBXProject section */
		A012B7522DBF603C00F94E82 /* Project object */ = {
			isa = PBXProject;
			attributes = {
				BuildIndependentTargetsInParallel = 1;
				LastSwiftUpdateCheck = 1620;
				LastUpgradeCheck = 1620;
				TargetAttributes = {
					A012B7592DBF603C00F94E82 = {
						CreatedOnToolsVersion = 16.2;
					};
				};
			};
			buildConfigurationList = A012B7552DBF603C00F94E82 /* Build configuration list for PBXProject "BarChartViewDemo" */;
			developmentRegion = en;
			hasScannedForEncodings = 0;
			knownRegions = (
				en,
				Base,
			);
			mainGroup = A012B7512DBF603C00F94E82;
			minimizedProjectReferenceProxies = 1;
			preferredProjectObjectVersion = 77;
			productRefGroup = A012B75B2DBF603C00F94E82 /* Products */;
			projectDirPath = "";
			projectRoot = "";
			targets = (
				A012B7592DBF603C00F94E82 /* BarChartViewDemo */,
			);
		};
/* End PBXProject section */

/* Begin PBXResourcesBuildPhase section */
		A012B7582DBF603C00F94E82 /* Resources */ = {
			isa = PBXResourcesBuildPhase;
			buildActionMask = 2147483647;
			files = (
				A012B77C2DBF604300F94E82 /* Assets.xcassets in Resources */,
				A012B77E2DBF604300F94E82 /* LaunchScreen.storyboard in Resources */,
				A012B77F2DBF604300F94E82 /* Main.storyboard in Resources */,
			);
			runOnlyForDeploymentPostprocessing = 0;
		};
/* End PBXResourcesBuildPhase section */

/* Begin PBXShellScriptBuildPhase section */
		4DC70BE06580A327AD1347B8 /* [CP] Check Pods Manifest.lock */ = {
			isa = PBXShellScriptBuildPhase;
			buildActionMask = 2147483647;
			files = (
			);
			inputFileListPaths = (
			);
			inputPaths = (
				"${PODS_PODFILE_DIR_PATH}/Podfile.lock",
				"${PODS_ROOT}/Manifest.lock",
			);
			name = "[CP] Check Pods Manifest.lock";
			outputFileListPaths = (
			);
			outputPaths = (
				"$(DERIVED_FILE_DIR)/Pods-BarChartViewDemo-checkManifestLockResult.txt",
			);
			runOnlyForDeploymentPostprocessing = 0;
			shellPath = /bin/sh;
			shellScript = "diff \"${PODS_PODFILE_DIR_PATH}/Podfile.lock\" \"${PODS_ROOT}/Manifest.lock\" > /dev/null\nif [ $? != 0 ] ; then\n    # print error to STDERR\n    echo \"error: The sandbox is not in sync with the Podfile.lock. Run 'pod install' or update your CocoaPods installation.\" >&2\n    exit 1\nfi\n# This output is used by Xcode 'outputs' to avoid re-running this script phase.\necho \"SUCCESS\" > \"${SCRIPT_OUTPUT_FILE_0}\"\n";
			showEnvVarsInLog = 0;
		};
		F997493135A605396D4A529D /* [CP] Embed Pods Frameworks */ = {
			isa = PBXShellScriptBuildPhase;
			buildActionMask = 2147483647;
			files = (
			);
			inputFileListPaths = (
				"${PODS_ROOT}/Target Support Files/Pods-BarChartViewDemo/Pods-BarChartViewDemo-frameworks-${CONFIGURATION}-input-files.xcfilelist",
			);
			name = "[CP] Embed Pods Frameworks";
			outputFileListPaths = (
				"${PODS_ROOT}/Target Support Files/Pods-BarChartViewDemo/Pods-BarChartViewDemo-frameworks-${CONFIGURATION}-output-files.xcfilelist",
			);
			runOnlyForDeploymentPostprocessing = 0;
			shellPath = /bin/sh;
			shellScript = "\"${PODS_ROOT}/Target Support Files/Pods-BarChartViewDemo/Pods-BarChartViewDemo-frameworks.sh\"\n";
			showEnvVarsInLog = 0;
		};
/* End PBXShellScriptBuildPhase section */

/* Begin PBXSourcesBuildPhase section */
		A012B7562DBF603C00F94E82 /* Sources */ = {
			isa = PBXSourcesBuildPhase;
			buildActionMask = 2147483647;
			files = (
				A012B7802DBF604300F94E82 /* AppDelegate.swift in Sources */,
				A012B7812DBF604300F94E82 /* SceneDelegate.swift in Sources */,
				A012B7822DBF604300F94E82 /* ViewController.swift in Sources */,
				A012B7852DBF605B00F94E82 /* HorizontalScrollableBarChartView.swift in Sources */,
				A012B7862DBF605B00F94E82 /* HorizontalBarChartView.swift in Sources */,
			);
			runOnlyForDeploymentPostprocessing = 0;
		};
/* End PBXSourcesBuildPhase section */

/* Begin PBXVariantGroup section */
		A012B7762DBF604300F94E82 /* LaunchScreen.storyboard */ = {
			isa = PBXVariantGroup;
			children = (
				A012B7752DBF604300F94E82 /* Base */,
			);
			name = LaunchScreen.storyboard;
			sourceTree = "<group>";
		};
		A012B7782DBF604300F94E82 /* Main.storyboard */ = {
			isa = PBXVariantGroup;
			children = (
				A012B7772DBF604300F94E82 /* Base */,
			);
			name = Main.storyboard;
			sourceTree = "<group>";
		};
/* End PBXVariantGroup section */

/* Begin XCBuildConfiguration section */
		A012B76E2DBF603D00F94E82 /* Debug */ = {
			isa = XCBuildConfiguration;
			baseConfigurationReference = B8310D041C81725D4E549D2D /* Pods-BarChartViewDemo.debug.xcconfig */;
			buildSettings = {
				ASSETCATALOG_COMPILER_APPICON_NAME = AppIcon;
				ASSETCATALOG_COMPILER_GLOBAL_ACCENT_COLOR_NAME = AccentColor;
				CODE_SIGN_STYLE = Automatic;
				CURRENT_PROJECT_VERSION = 1;
				DEVELOPMENT_TEAM = YEAF8YMCJ6;
				ENABLE_USER_SCRIPT_SANDBOXING = NO;
				GENERATE_INFOPLIST_FILE = YES;
				INFOPLIST_FILE = BarChartViewDemo/Info.plist;
				INFOPLIST_KEY_UIApplicationSupportsIndirectInputEvents = YES;
				INFOPLIST_KEY_UILaunchStoryboardName = LaunchScreen;
				INFOPLIST_KEY_UIMainStoryboardFile = Main;
				INFOPLIST_KEY_UISupportedInterfaceOrientations_iPad = "UIInterfaceOrientationPortrait UIInterfaceOrientationPortraitUpsideDown UIInterfaceOrientationLandscapeLeft UIInterfaceOrientationLandscapeRight";
				INFOPLIST_KEY_UISupportedInterfaceOrientations_iPhone = "UIInterfaceOrientationPortrait UIInterfaceOrientationLandscapeLeft UIInterfaceOrientationLandscapeRight";
				LD_RUNPATH_SEARCH_PATHS = (
					"$(inherited)",
					"@executable_path/Frameworks",
				);
				MARKETING_VERSION = 1.0;
				PRODUCT_BUNDLE_IDENTIFIER = com.fyqx.www.BarChartViewDemo;
				PRODUCT_NAME = "$(TARGET_NAME)";
				SWIFT_EMIT_LOC_STRINGS = YES;
				SWIFT_VERSION = 5.0;
				TARGETED_DEVICE_FAMILY = "1,2";
			};
			name = Debug;
		};
		A012B76F2DBF603D00F94E82 /* Release */ = {
			isa = XCBuildConfiguration;
			baseConfigurationReference = 52AD62987C1A11B3BD0E328B /* Pods-BarChartViewDemo.release.xcconfig */;
			buildSettings = {
				ASSETCATALOG_COMPILER_APPICON_NAME = AppIcon;
				ASSETCATALOG_COMPILER_GLOBAL_ACCENT_COLOR_NAME = AccentColor;
				CODE_SIGN_STYLE = Automatic;
				CURRENT_PROJECT_VERSION = 1;
				DEVELOPMENT_TEAM = YEAF8YMCJ6;
				ENABLE_USER_SCRIPT_SANDBOXING = NO;
				GENERATE_INFOPLIST_FILE = YES;
				INFOPLIST_FILE = BarChartViewDemo/Info.plist;
				INFOPLIST_KEY_UIApplicationSupportsIndirectInputEvents = YES;
				INFOPLIST_KEY_UILaunchStoryboardName = LaunchScreen;
				INFOPLIST_KEY_UIMainStoryboardFile = Main;
				INFOPLIST_KEY_UISupportedInterfaceOrientations_iPad = "UIInterfaceOrientationPortrait UIInterfaceOrientationPortraitUpsideDown UIInterfaceOrientationLandscapeLeft UIInterfaceOrientationLandscapeRight";
				INFOPLIST_KEY_UISupportedInterfaceOrientations_iPhone = "UIInterfaceOrientationPortrait UIInterfaceOrientationLandscapeLeft UIInterfaceOrientationLandscapeRight";
				LD_RUNPATH_SEARCH_PATHS = (
					"$(inherited)",
					"@executable_path/Frameworks",
				);
				MARKETING_VERSION = 1.0;
				PRODUCT_BUNDLE_IDENTIFIER = com.fyqx.www.BarChartViewDemo;
				PRODUCT_NAME = "$(TARGET_NAME)";
				SWIFT_EMIT_LOC_STRINGS = YES;
				SWIFT_VERSION = 5.0;
				TARGETED_DEVICE_FAMILY = "1,2";
			};
			name = Release;
		};
		A012B7702DBF603D00F94E82 /* Debug */ = {
			isa = XCBuildConfiguration;
			buildSettings = {
				ALWAYS_SEARCH_USER_PATHS = NO;
				ASSETCATALOG_COMPILER_GENERATE_SWIFT_ASSET_SYMBOL_EXTENSIONS = YES;
				CLANG_ANALYZER_NONNULL = YES;
				CLANG_ANALYZER_NUMBER_OBJECT_CONVERSION = YES_AGGRESSIVE;
				CLANG_CXX_LANGUAGE_STANDARD = "gnu++20";
				CLANG_ENABLE_MODULES = YES;
				CLANG_ENABLE_OBJC_ARC = YES;
				CLANG_ENABLE_OBJC_WEAK = YES;
				CLANG_WARN_BLOCK_CAPTURE_AUTORELEASING = YES;
				CLANG_WARN_BOOL_CONVERSION = YES;
				CLANG_WARN_COMMA = YES;
				CLANG_WARN_CONSTANT_CONVERSION = YES;
				CLANG_WARN_DEPRECATED_OBJC_IMPLEMENTATIONS = YES;
				CLANG_WARN_DIRECT_OBJC_ISA_USAGE = YES_ERROR;
				CLANG_WARN_DOCUMENTATION_COMMENTS = YES;
				CLANG_WARN_EMPTY_BODY = YES;
				CLANG_WARN_ENUM_CONVERSION = YES;
				CLANG_WARN_INFINITE_RECURSION = YES;
				CLANG_WARN_INT_CONVERSION = YES;
				CLANG_WARN_NON_LITERAL_NULL_CONVERSION = YES;
				CLANG_WARN_OBJC_IMPLICIT_RETAIN_SELF = YES;
				CLANG_WARN_OBJC_LITERAL_CONVERSION = YES;
				CLANG_WARN_OBJC_ROOT_CLASS = YES_ERROR;
				CLANG_WARN_QUOTED_INCLUDE_IN_FRAMEWORK_HEADER = YES;
				CLANG_WARN_RANGE_LOOP_ANALYSIS = YES;
				CLANG_WARN_STRICT_PROTOTYPES = YES;
				CLANG_WARN_SUSPICIOUS_MOVE = YES;
				CLANG_WARN_UNGUARDED_AVAILABILITY = YES_AGGRESSIVE;
				CLANG_WARN_UNREACHABLE_CODE = YES;
				CLANG_WARN__DUPLICATE_METHOD_MATCH = YES;
				COPY_PHASE_STRIP = NO;
				DEBUG_INFORMATION_FORMAT = dwarf;
				ENABLE_STRICT_OBJC_MSGSEND = YES;
				ENABLE_TESTABILITY = YES;
				ENABLE_USER_SCRIPT_SANDBOXING = YES;
				GCC_C_LANGUAGE_STANDARD = gnu17;
				GCC_DYNAMIC_NO_PIC = NO;
				GCC_NO_COMMON_BLOCKS = YES;
				GCC_OPTIMIZATION_LEVEL = 0;
				GCC_PREPROCESSOR_DEFINITIONS = (
					"DEBUG=1",
					"$(inherited)",
				);
				GCC_WARN_64_TO_32_BIT_CONVERSION = YES;
				GCC_WARN_ABOUT_RETURN_TYPE = YES_ERROR;
				GCC_WARN_UNDECLARED_SELECTOR = YES;
				GCC_WARN_UNINITIALIZED_AUTOS = YES_AGGRESSIVE;
				GCC_WARN_UNUSED_FUNCTION = YES;
				GCC_WARN_UNUSED_VARIABLE = YES;
				IPHONEOS_DEPLOYMENT_TARGET = 18.2;
				LOCALIZATION_PREFERS_STRING_CATALOGS = YES;
				MTL_ENABLE_DEBUG_INFO = INCLUDE_SOURCE;
				MTL_FAST_MATH = YES;
				ONLY_ACTIVE_ARCH = YES;
				SDKROOT = iphoneos;
				SWIFT_ACTIVE_COMPILATION_CONDITIONS = "DEBUG $(inherited)";
				SWIFT_OPTIMIZATION_LEVEL = "-Onone";
			};
			name = Debug;
		};
		A012B7712DBF603D00F94E82 /* Release */ = {
			isa = XCBuildConfiguration;
			buildSettings = {
				ALWAYS_SEARCH_USER_PATHS = NO;
				ASSETCATALOG_COMPILER_GENERATE_SWIFT_ASSET_SYMBOL_EXTENSIONS = YES;
				CLANG_ANALYZER_NONNULL = YES;
				CLANG_ANALYZER_NUMBER_OBJECT_CONVERSION = YES_AGGRESSIVE;
				CLANG_CXX_LANGUAGE_STANDARD = "gnu++20";
				CLANG_ENABLE_MODULES = YES;
				CLANG_ENABLE_OBJC_ARC = YES;
				CLANG_ENABLE_OBJC_WEAK = YES;
				CLANG_WARN_BLOCK_CAPTURE_AUTORELEASING = YES;
				CLANG_WARN_BOOL_CONVERSION = YES;
				CLANG_WARN_COMMA = YES;
				CLANG_WARN_CONSTANT_CONVERSION = YES;
				CLANG_WARN_DEPRECATED_OBJC_IMPLEMENTATIONS = YES;
				CLANG_WARN_DIRECT_OBJC_ISA_USAGE = YES_ERROR;
				CLANG_WARN_DOCUMENTATION_COMMENTS = YES;
				CLANG_WARN_EMPTY_BODY = YES;
				CLANG_WARN_ENUM_CONVERSION = YES;
				CLANG_WARN_INFINITE_RECURSION = YES;
				CLANG_WARN_INT_CONVERSION = YES;
				CLANG_WARN_NON_LITERAL_NULL_CONVERSION = YES;
				CLANG_WARN_OBJC_IMPLICIT_RETAIN_SELF = YES;
				CLANG_WARN_OBJC_LITERAL_CONVERSION = YES;
				CLANG_WARN_OBJC_ROOT_CLASS = YES_ERROR;
				CLANG_WARN_QUOTED_INCLUDE_IN_FRAMEWORK_HEADER = YES;
				CLANG_WARN_RANGE_LOOP_ANALYSIS = YES;
				CLANG_WARN_STRICT_PROTOTYPES = YES;
				CLANG_WARN_SUSPICIOUS_MOVE = YES;
				CLANG_WARN_UNGUARDED_AVAILABILITY = YES_AGGRESSIVE;
				CLANG_WARN_UNREACHABLE_CODE = YES;
				CLANG_WARN__DUPLICATE_METHOD_MATCH = YES;
				COPY_PHASE_STRIP = NO;
				DEBUG_INFORMATION_FORMAT = "dwarf-with-dsym";
				ENABLE_NS_ASSERTIONS = NO;
				ENABLE_STRICT_OBJC_MSGSEND = YES;
				ENABLE_USER_SCRIPT_SANDBOXING = YES;
				GCC_C_LANGUAGE_STANDARD = gnu17;
				GCC_NO_COMMON_BLOCKS = YES;
				GCC_WARN_64_TO_32_BIT_CONVERSION = YES;
				GCC_WARN_ABOUT_RETURN_TYPE = YES_ERROR;
				GCC_WARN_UNDECLARED_SELECTOR = YES;
				GCC_WARN_UNINITIALIZED_AUTOS = YES_AGGRESSIVE;
				GCC_WARN_UNUSED_FUNCTION = YES;
				GCC_WARN_UNUSED_VARIABLE = YES;
				IPHONEOS_DEPLOYMENT_TARGET = 18.2;
				LOCALIZATION_PREFERS_STRING_CATALOGS = YES;
				MTL_ENABLE_DEBUG_INFO = NO;
				MTL_FAST_MATH = YES;
				SDKROOT = iphoneos;
				SWIFT_COMPILATION_MODE = wholemodule;
				VALIDATE_PRODUCT = YES;
			};
			name = Release;
		};
/* End XCBuildConfiguration section */

/* Begin XCConfigurationList section */
		A012B7552DBF603C00F94E82 /* Build configuration list for PBXProject "BarChartViewDemo" */ = {
			isa = XCConfigurationList;
			buildConfigurations = (
				A012B7702DBF603D00F94E82 /* Debug */,
				A012B7712DBF603D00F94E82 /* Release */,
			);
			defaultConfigurationIsVisible = 0;
			defaultConfigurationName = Release;
		};
		A012B76D2DBF603D00F94E82 /* Build configuration list for PBXNativeTarget "BarChartViewDemo" */ = {
			isa = XCConfigurationList;
			buildConfigurations = (
				A012B76E2DBF603D00F94E82 /* Debug */,
				A012B76F2DBF603D00F94E82 /* Release */,
			);
			defaultConfigurationIsVisible = 0;
			defaultConfigurationName = Release;
		};
/* End XCConfigurationList section */
	};
	rootObject = A012B7522DBF603C00F94E82 /* Project object */;
}
